
Microsoft Visual Studio Solution File, Format Version 12.00
# Visual Studio Version 17
VisualStudioVersion = 17.1.32210.238
MinimumVisualStudioVersion = 10.0.40219.1
Project("{9A19103F-16F7-4668-BE54-9A1E7A4F7556}") = "homeWork", "homeWork\homeWork.csproj", "{114EFB4F-4C12-42F1-AF57-D4F54EE79139}"
EndProject
Project("{9A19103F-16F7-4668-BE54-9A1E7A4F7556}") = "task2", "task2\task2.csproj", "{3A4D3CC2-E363-483B-AFFD-00CF697CEBB9}"
EndProject
Project("{FAE04EC0-301F-11D3-BF4B-00C04F79EFBC}") = "task3", "task3\task3.csproj", "{4A52376A-F43A-4405-9C62-F4E0ED60F8FB}"
EndProject
Project("{FAE04EC0-301F-11D3-BF4B-00C04F79EFBC}") = "task4", "task4\task4.csproj", "{8CEF5B2D-367D-453F-8DA0-A005E13BC117}"
EndProject
Project("{FAE04EC0-301F-11D3-BF4B-00C04F79EFBC}") = "task5", "task5\task5.csproj", "{4F9A1183-5F96-4640-8B7E-546479FDBF23}"
EndProject
Global
	GlobalSection(SolutionConfigurationPlatforms) = preSolution
		Debug|Any CPU = Debug|Any CPU
		Release|Any CPU = Release|Any CPU
	EndGlobalSection
	GlobalSection(ProjectConfigurationPlatforms) = postSolution
		{114EFB4F-4C12-42F1-AF57-D4F54EE79139}.Debug|Any CPU.ActiveCfg = Debug|Any CPU
		{114EFB4F-4C12-42F1-AF57-D4F54EE79139}.Debug|Any CPU.Build.0 = Debug|Any CPU
		{114EFB4F-4C12-42F1-AF57-D4F54EE79139}.Release|Any CPU.ActiveCfg = Release|Any CPU
		{114EFB4F-4C12-42F1-AF57-D4F54EE79139}.Release|Any CPU.Build.0 = Release|Any CPU
		{3A4D3CC2-E363-483B-AFFD-00CF697CEBB9}.Debug|Any CPU.ActiveCfg = Debug|Any CPU
		{3A4D3CC2-E363-483B-AFFD-00CF697CEBB9}.Debug|Any CPU.Build.0 = Debug|Any CPU
		{3A4D3CC2-E363-483B-AFFD-00CF697CEBB9}.Release|Any CPU.ActiveCfg = Release|Any CPU
		{3A4D3CC2-E363-483B-AFFD-00CF697CEBB9}.Release|Any CPU.Build.0 = Release|Any CPU
		{4A52376A-F43A-4405-9C62-F4E0ED60F8FB}.Debug|Any CPU.ActiveCfg = Debug|Any CPU
		{4A52376A-F43A-4405-9C62-F4E0ED60F8FB}.Debug|Any CPU.Build.0 = Debug|Any CPU
		{4A52376A-F43A-4405-9C62-F4E0ED60F8FB}.Release|Any CPU.ActiveCfg = Release|Any CPU
		{4A52376A-F43A-4405-9C62-F4E0ED60F8FB}.Release|Any CPU.Build.0 = Release|Any CPU
		{8CEF5B2D-367D-453F-8DA0-A005E13BC117}.Debug|Any CPU.ActiveCfg = Debug|Any CPU
		{8CEF5B2D-367D-453F-8DA0-A005E13BC117}.Debug|Any CPU.Build.0 = Debug|Any CPU
		{8CEF5B2D-367D-453F-8DA0-A005E13BC117}.Release|Any CPU.ActiveCfg = Release|Any CPU
		{8CEF5B2D-367D-453F-8DA0-A005E13BC117}.Release|Any CPU.Build.0 = Release|Any CPU
		{4F9A1183-5F96-4640-8B7E-546479FDBF23}.Debug|Any CPU.ActiveCfg = Debug|Any CPU
		{4F9A1183-5F96-4640-8B7E-546479FDBF23}.Debug|Any CPU.Build.0 = Debug|Any CPU
		{4F9A1183-5F96-4640-8B7E-546479FDBF23}.Release|Any CPU.ActiveCfg = Release|Any CPU
		{4F9A1183-5F96-4640-8B7E-546479FDBF23}.Release|Any CPU.Build.0 = Release|Any CPU
	EndGlobalSection
	GlobalSection(SolutionProperties) = preSolution
		HideSolutionNode = FALSE
	EndGlobalSection
	GlobalSection(ExtensibilityGlobals) = postSolution
		SolutionGuid = {B99AD23A-BFB2-44CB-BEB0-B5E6C2BDA3E6}
	EndGlobalSection
EndGlobal
